gdbm=1.26-r0
libbz2=1.0.8-r6
libexpat=2.8.5-r0
libffi=3.5.2-r1
libgcc=15.2.0-r5
libncursesw=6.6_p20260516-r0
libpanelw=6.6_p20260516-r0
libstdc++=15.2.0-r5
mpdecimal=4.0.1-r0
ncurses-terminfo-base=6.6_p20260516-r0
pyc=3.14.8-r0
python3=3.14.8-r0
python3-pyc=3.14.8-r0
python3-pycache-pyc0=3.14.8-r0
readline=8.3.3-r1
sqlite-libs=3.53.4-r0
xz-libs=5.8.4-r0
